{
  "name": "pallypal",
  "version": "1.0.0",
  "lockfileVersion": 1,
  "requires": true,
  "dependencies": {
    "color-scheme": {
      "version": "1.0.0",
      "resolved": "https://registry.npmjs.org/color-scheme/-/color-scheme-1.0.0.tgz",
      "integrity": "sha1-lut/kN6qTR/48Ohlw9gS0ClibEU="
    },
    "ntc": {
      "version": "0.0.1",
      "resolved": "https://registry.npmjs.org/ntc/-/ntc-0.0.1.tgz",
      "integrity": "sha1-5lSOO8Ke30LwqHBH7yOSc0ePdS4="
    },
    "tinycolor2": {
      "version": "1.4.1",
      "resolved": "https://registry.npmjs.org/tinycolor2/-/tinycolor2-1.4.1.tgz",
      "integrity": "sha1-9PrTM0R7wLB9TcjpIJ2POaisd+g="
    }
  }
}
